
Microsoft Visual Studio Solution File, Format Version 12.00
# Visual Studio Version 17
VisualStudioVersion = 17.9.34321.82
MinimumVisualStudioVersion = 10.0.40219.1
Project("{2150E333-8FDC-42A3-9474-1A3956D46DE8}") = "src", "src", "{04B009A9-671C-4DD1-84E6-AF4E22ED24A9}"
EndProject
Project("{9A19103F-16F7-4668-BE54-9A1E7A4F7556}") = "IMS.Web", "src\IMS.Web\IMS.Web.csproj", "{34BD91E1-77A0-49C8-BEFA-92DC0240DDDD}"
EndProject
Project("{FAE04EC0-301F-11D3-BF4B-00C04F79EFBC}") = "IM.Systems.AppHost", "IM.Systems.AppHost\IM.Systems.AppHost.csproj", "{F4339A8D-09B6-4AE9-9C92-164026949CC9}"
EndProject
Project("{9A19103F-16F7-4668-BE54-9A1E7A4F7556}") = "IM.Systems.ServiceDefaults", "IM.Systems.ServiceDefaults\IM.Systems.ServiceDefaults.csproj", "{342D3966-0779-495A-AA93-A3E9A9B8CEDA}"
EndProject
Global
	GlobalSection(SolutionConfigurationPlatforms) = preSolution
		Debug|Any CPU = Debug|Any CPU
		Release|Any CPU = Release|Any CPU
	EndGlobalSection
	GlobalSection(ProjectConfigurationPlatforms) = postSolution
		{34BD91E1-77A0-49C8-BEFA-92DC0240DDDD}.Debug|Any CPU.ActiveCfg = Debug|Any CPU
		{34BD91E1-77A0-49C8-BEFA-92DC0240DDDD}.Debug|Any CPU.Build.0 = Debug|Any CPU
		{34BD91E1-77A0-49C8-BEFA-92DC0240DDDD}.Release|Any CPU.ActiveCfg = Release|Any CPU
		{34BD91E1-77A0-49C8-BEFA-92DC0240DDDD}.Release|Any CPU.Build.0 = Release|Any CPU
		{F4339A8D-09B6-4AE9-9C92-164026949CC9}.Debug|Any CPU.ActiveCfg = Debug|Any CPU
		{F4339A8D-09B6-4AE9-9C92-164026949CC9}.Debug|Any CPU.Build.0 = Debug|Any CPU
		{F4339A8D-09B6-4AE9-9C92-164026949CC9}.Release|Any CPU.ActiveCfg = Release|Any CPU
		{F4339A8D-09B6-4AE9-9C92-164026949CC9}.Release|Any CPU.Build.0 = Release|Any CPU
		{342D3966-0779-495A-AA93-A3E9A9B8CEDA}.Debug|Any CPU.ActiveCfg = Debug|Any CPU
		{342D3966-0779-495A-AA93-A3E9A9B8CEDA}.Debug|Any CPU.Build.0 = Debug|Any CPU
		{342D3966-0779-495A-AA93-A3E9A9B8CEDA}.Release|Any CPU.ActiveCfg = Release|Any CPU
		{342D3966-0779-495A-AA93-A3E9A9B8CEDA}.Release|Any CPU.Build.0 = Release|Any CPU
	EndGlobalSection
	GlobalSection(SolutionProperties) = preSolution
		HideSolutionNode = FALSE
	EndGlobalSection
	GlobalSection(NestedProjects) = preSolution
		{34BD91E1-77A0-49C8-BEFA-92DC0240DDDD} = {04B009A9-671C-4DD1-84E6-AF4E22ED24A9}
	EndGlobalSection
	GlobalSection(ExtensibilityGlobals) = postSolution
		SolutionGuid = {3C742334-FAC5-4C1A-9E2A-89C7CE207FF6}
	EndGlobalSection
EndGlobal
